{
  "name": "wwwroot",
  "version": "1.0.0",
  "lockfileVersion": 3,
  "requires": true,
  "packages": {
    "": {
      "name": "wwwroot",
      "version": "1.0.0",
      "license": "ISC",
      "dependencies": {
        "alpinejs": "^2.8.1",
        "bootstrap": "^3.4.1",
        "jquery": "^3.5.1",
        "office-ui-fabric-core": "^11.0.0"
      }
    },
    "node_modules/alpinejs": {
      "version": "2.8.2",
      "resolved": "https://npm.aiursoft.com/alpinejs/-/alpinejs-2.8.2.tgz",
      "integrity": "sha512-5yOUtckn4CBp0qsHpo2qgjZyZit84uXvHbB7NJ27sn4FA6UlFl2i9PGUAdTXkcbFvvxDJBM+zpOD8RuNYFvQAw==",
      "license": "MIT"
    },
    "node_modules/bootstrap": {
      "version": "3.4.1",
      "resolved": "https://npm.aiursoft.com/bootstrap/-/bootstrap-3.4.1.tgz",
      "integrity": "sha512-yN5oZVmRCwe5aKwzRj6736nSmKDX7pLYwsXiCj/EYmo16hODaBiT4En5btW/jhBF/seV+XMx3aYwukYC3A49DA==",
      "license": "MIT",
      "engines": {
        "node": ">=6"
      }
    },
    "node_modules/jquery": {
      "version": "3.7.1",
      "resolved": "https://npm.aiursoft.com/jquery/-/jquery-3.7.1.tgz",
      "integrity": "sha512-m4avr8yL8kmFN8psrbFFFmB/If14iN5o9nw/NgnnM+kybDJpRsAynV2BsfpTYrTRysYUdADVD7CkUUizgkpLfg==",
      "license": "MIT"
    },
    "node_modules/office-ui-fabric-core": {
      "version": "11.1.0",
      "resolved": "https://npm.aiursoft.com/office-ui-fabric-core/-/office-ui-fabric-core-11.1.0.tgz",
      "integrity": "sha512-uV7CbMBAqbHRa7ihNlgbDMIdiKb49TCamhsfuK7Yx7JXx05WdN/lZPWLmPnAALVQAFuO95ZJMAwNjyyEeXk47A==",
      "license": "MIT"
    }
  }
}
